// !$*UTF8*$!
{
	archiveVersion = 1;
	classes = {
	};
	objectVersion = 46;
	objects = {

/* Begin PBXBuildFile section */
		1E423B001E442A5500C4387E /* AppDelegate.swift in Sources */ = {isa = PBXBuildFile; fileRef = 1E423AFF1E442A5500C4387E /* AppDelegate.swift */; };
		1E423B021E442A5500C4387E /* ViewController.swift in Sources */ = {isa = PBXBuildFile; fileRef = 1E423B011E442A5500C4387E /* ViewController.swift */; };
		1E423B051E442A5500C4387E /* Main.storyboard in Resources */ = {isa = PBXBuildFile; fileRef = 1E423B031E442A5500C4387E /* Main.storyboard */; };
		1E423B071E442A5500C4387E /* Assets.xcassets in Resources */ = {isa = PBXBuildFile; fileRef = 1E423B061E442A5500C4387E /* Assets.xcassets */; };
		1E423B0A1E442A5500C4387E /* LaunchScreen.storyboard in Resources */ = {isa = PBXBuildFile; fileRef = 1E423B081E442A5500C4387E /* LaunchScreen.storyboard */; };
/* End PBXBuildFile section */

/* Begin PBXFileReference section */
		1E423AFC1E442A5500C4387E /* EzUIDynamicAnimator.app */ = {isa = PBXFileReference; explicitFileType = wrapper.application; includeInIndex = 0; path = EzUIDynamicAnimator.app; sourceTree = BUILT_PRODUCTS_DIR; };
		1E423AFF1E442A5500C4387E /* AppDelegate.swift */ = {isa = PBXFileReference; lastKnownFileType = sourcecode.swift; path = AppDelegate.swift; sourceTree = "<group>"; };
		1E423B011E442A5500C4387E /* ViewController.swift */ = {isa = PBXFileReference; lastKnownFileType = sourcecode.swift; path = ViewController.swift; sourceTree = "<group>"; };
		1E423B041E442A5500C4387E /* Base */ = {isa = PBXFileReference; lastKnownFileType = file.storyboard; name = Base; path = Base.lproj/Main.storyboard; sourceTree = "<group>"; };
		1E423B061E442A5500C4387E /* Assets.xcassets */ = {isa = PBXFileReference; lastKnownFileType = folder.assetcatalog; path = Assets.xcassets; sourceTree = "<group>"; };
		1E423B091E442A5500C4387E /* Base */ = {isa = PBXFileReference; lastKnownFileType = file.storyboard; name = Base; path = Base.lproj/LaunchScreen.storyboard; sourceTree = "<group>"; };
		1E423B0B1E442A5500C4387E /* Info.plist */ = {isa = PBXFileReference; lastKnownFileType = text.plist.xml; path = Info.plist; sourceTree = "<group>"; };
/* End PBXFileReference section */

/* Begin PBXFrameworksBuildPhase section */
		1E423AF91E442A5500C4387E /* Frameworks */ = {
			isa = PBXFrameworksBuildPhase;
			buildActionMask = 2147483647;
			files = (
			);
			runOnlyForDeploymentPostprocessing = 0;
		};
/* End PBXFrameworksBuildPhase section */

/* Begin PBXGroup section */
		1E423AF31E442A5500C4387E = {
			isa = PBXGroup;
			children = (
				1E423AFE1E442A5500C4387E /* EzUIDynamicAnimator */,
				1E423AFD1E442A5500C4387E /* Products */,
			);
			sourceTree = "<group>";
		};
		1E423AFD1E442A5500C4387E /* Products */ = {
			isa = PBXGroup;
			children = (
				1E423AFC1E442A5500C4387E /* EzUIDynamicAnimator.app */,
			);
			name = Products;
			sourceTree = "<group>";
		};
		1E423AFE1E442A5500C4387E /* EzUIDynamicAnimator */ = {
			isa = PBXGroup;
			children = (
				1E423AFF1E442A5500C4387E /* AppDelegate.swift */,
				1E423B011E442A5500C4387E /* ViewController.swift */,
				1E423B031E442A5500C4387E /* Main.storyboard */,
				1E423B061E442A5500C4387E /* Assets.xcassets */,
				1E423B081E442A5500C4387E /* LaunchScreen.storyboard */,
				1E423B0B1E442A5500C4387E /* Info.plist */,
			);
			path = EzUIDynamicAnimator;
			sourceTree = "<group>";
		};
/* End PBXGroup section */

/* Begin PBXNativeTarget section */
		1E423AFB1E442A5500C4387E /* EzUIDynamicAnimator */ = {
			isa = PBXNativeTarget;
			buildConfigurationList = 1E423B0E1E442A5500C4387E /* Build configuration list for PBXNativeTarget "EzUIDynamicAnimator" */;
			buildPhases = (
				1E423AF81E442A5500C4387E /* Sources */,
				1E423AF91E442A5500C4387E /* Frameworks */,
				1E423AFA1E442A5500C4387E /* Resources */,
			);
			buildRules = (
			);
			dependencies = (
			);
			name = EzUIDynamicAnimator;
			productName = EzUIDynamicAnimator;
			productReference = 1E423AFC1E442A5500C4387E /* EzUIDynamicAnimator.app */;
			productType = "com.apple.product-type.application";
		};
/* End PBXNativeTarget section */

/* Begin PBXProject section */
		1E423AF41E442A5500C4387E /* Project object */ = {
			isa = PBXProject;
			attributes = {
				LastSwiftUpdateCheck = 0800;
				LastUpgradeCheck = 0800;
				ORGANIZATIONNAME = tek4fun;
				TargetAttributes = {
					1E423AFB1E442A5500C4387E = {
						CreatedOnToolsVersion = 8.0;
						ProvisioningStyle = Automatic;
					};
				};
			};
			buildConfigurationList = 1E423AF71E442A5500C4387E /* Build configuration list for PBXProject "EzUIDynamicAnimator" */;
			compatibilityVersion = "Xcode 3.2";
			developmentRegion = English;
			hasScannedForEncodings = 0;
			knownRegions = (
				en,
				Base,
			);
			mainGroup = 1E423AF31E442A5500C4387E;
			productRefGroup = 1E423AFD1E442A5500C4387E /* Products */;
			projectDirPath = "";
			projectRoot = "";
			targets = (
				1E423AFB1E442A5500C4387E /* EzUIDynamicAnimator */,
			);
		};
/* End PBXProject section */

/* Begin PBXResourcesBuildPhase section */
		1E423AFA1E442A5500C4387E /* Resources */ = {
			isa = PBXResourcesBuildPhase;
			buildActionMask = 2147483647;
			files = (
				1E423B0A1E442A5500C4387E /* LaunchScreen.storyboard in Resources */,
				1E423B071E442A5500C4387E /* Assets.xcassets in Resources */,
				1E423B051E442A5500C4387E /* Main.storyboard in Resources */,
			);
			runOnlyForDeploymentPostprocessing = 0;
		};
/* End PBXResourcesBuildPhase section */

/* Begin PBXSourcesBuildPhase section */
		1E423AF81E442A5500C4387E /* Sources */ = {
			isa = PBXSourcesBuildPhase;
			buildActionMask = 2147483647;
			files = (
				1E423B021E442A5500C4387E /* ViewController.swift in Sources */,
				1E423B001E442A5500C4387E /* AppDelegate.swift in Sources */,
			);
			runOnlyForDeploymentPostprocessing = 0;
		};
/* End PBXSourcesBuildPhase section */

/* Begin PBXVariantGroup section */
		1E423B031E442A5500C4387E /* Main.storyboard */ = {
			isa = PBXVariantGroup;
			children = (
				1E423B041E442A5500C4387E /* Base */,
			);
			name = Main.storyboard;
			sourceTree = "<group>";
		};
		1E423B081E442A5500C4387E /* LaunchScreen.storyboard */ = {
			isa = PBXVariantGroup;
			children = (
				1E423B091E442A5500C4387E /* Base */,
			);
			name = LaunchScreen.storyboard;
			sourceTree = "<group>";
		};
/* End PBXVariantGroup section */

/* Begin XCBuildConfiguration section */
		1E423B0C1E442A5500C4387E /* Debug */ = {
			isa = XCBuildConfiguration;
			buildSettings = {
				ALWAYS_SEARCH_USER_PATHS = NO;
				CLANG_ANALYZER_NONNULL = YES;
				CLANG_CXX_LANGUAGE_STANDARD = "gnu++0x";
				CLANG_CXX_LIBRARY = "libc++";
				CLANG_ENABLE_MODULES = YES;
				CLANG_ENABLE_OBJC_ARC = YES;
				CLANG_WARN_BOOL_CONVERSION = YES;
				CLANG_WARN_CONSTANT_CONVERSION = YES;
				CLANG_WARN_DIRECT_OBJC_ISA_USAGE = YES_ERROR;
				CLANG_WARN_DOCUMENTATION_COMMENTS = YES;
				CLANG_WARN_EMPTY_BODY = YES;
				CLANG_WARN_ENUM_CONVERSION = YES;
				CLANG_WARN_INFINITE_RECURSION = YES;
				CLANG_WARN_INT_CONVERSION = YES;
				CLANG_WARN_OBJC_ROOT_CLASS = YES_ERROR;
				CLANG_WARN_SUSPICIOUS_MOVES = YES;
				CLANG_WARN_UNREACHABLE_CODE = YES;
				CLANG_WARN__DUPLICATE_METHOD_MATCH = YES;
				"CODE_SIGN_IDENTITY[sdk=iphoneos*]" = "iPhone Developer";
				COPY_PHASE_STRIP = NO;
				DEBUG_INFORMATION_FORMAT = dwarf;
				ENABLE_STRICT_OBJC_MSGSEND = YES;
				ENABLE_TESTABILITY = YES;
				GCC_C_LANGUAGE_STANDARD = gnu99;
				GCC_DYNAMIC_NO_PIC = NO;
				GCC_NO_COMMON_BLOCKS = YES;
				GCC_OPTIMIZATION_LEVEL = 0;
				GCC_PREPROCESSOR_DEFINITIONS = (
					"DEBUG=1",
					"$(inherited)",
				);
				GCC_WARN_64_TO_32_BIT_CONVERSION = YES;
				GCC_WARN_ABOUT_RETURN_TYPE = YES_ERROR;
				GCC_WARN_UNDECLARED_SELECTOR = YES;
				GCC_WARN_UNINITIALIZED_AUTOS = YES_AGGRESSIVE;
				GCC_WARN_UNUSED_FUNCTION = YES;
				GCC_WARN_UNUSED_VARIABLE = YES;
				IPHONEOS_DEPLOYMENT_TARGET = 10.0;
				MTL_ENABLE_DEBUG_INFO = YES;
				ONLY_ACTIVE_ARCH = YES;
				SDKROOT = iphoneos;
				SWIFT_ACTIVE_COMPILATION_CONDITIONS = DEBUG;
				SWIFT_OPTIMIZATION_LEVEL = "-Onone";
				TARGETED_DEVICE_FAMILY = "1,2";
			};
			name = Debug;
		};
		1E423B0D1E442A5500C4387E /* Release */ = {
			isa = XCBuildConfiguration;
			buildSettings = {
				ALWAYS_SEARCH_USER_PATHS = NO;
				CLANG_ANALYZER_NONNULL = YES;
				CLANG_CXX_LANGUAGE_STANDARD = "gnu++0x";
				CLANG_CXX_LIBRARY = "libc++";
				CLANG_ENABLE_MODULES = YES;
				CLANG_ENABLE_OBJC_ARC = YES;
				CLANG_WARN_BOOL_CONVERSION = YES;
				CLANG_WARN_CONSTANT_CONVERSION = YES;
				CLANG_WARN_DIRECT_OBJC_ISA_USAGE = YES_ERROR;
				CLANG_WARN_DOCUMENTATION_COMMENTS = YES;
				CLANG_WARN_EMPTY_BODY = YES;
				CLANG_WARN_ENUM_CONVERSION = YES;
				CLANG_WARN_INFINITE_RECURSION = YES;
				CLANG_WARN_INT_CONVERSION = YES;
				CLANG_WARN_OBJC_ROOT_CLASS = YES_ERROR;
				CLANG_WARN_SUSPICIOUS_MOVES = YES;
				CLANG_WARN_UNREACHABLE_CODE = YES;
				CLANG_WARN__DUPLICATE_METHOD_MATCH = YES;
				"CODE_SIGN_IDENTITY[sdk=iphoneos*]" = "iPhone Developer";
				COPY_PHASE_STRIP = NO;
				DEBUG_INFORMATION_FORMAT = "dwarf-with-dsym";
				ENABLE_NS_ASSERTIONS = NO;
				ENABLE_STRICT_OBJC_MSGSEND = YES;
				GCC_C_LANGUAGE_STANDARD = gnu99;
				GCC_NO_COMMON_BLOCKS = YES;
				GCC_WARN_64_TO_32_BIT_CONVERSION = YES;
				GCC_WARN_ABOUT_RETURN_TYPE = YES_ERROR;
				GCC_WARN_UNDECLARED_SELECTOR = YES;
				GCC_WARN_UNINITIALIZED_AUTOS = YES_AGGRESSIVE;
				GCC_WARN_UNUSED_FUNCTION = YES;
				GCC_WARN_UNUSED_VARIABLE = YES;
				IPHONEOS_DEPLOYMENT_TARGET = 10.0;
				MTL_ENABLE_DEBUG_INFO = NO;
				SDKROOT = iphoneos;
				SWIFT_OPTIMIZATION_LEVEL = "-Owholemodule";
				TARGETED_DEVICE_FAMILY = "1,2";
				VALIDATE_PRODUCT = YES;
			};
			name = Release;
		};
		1E423B0F1E442A5500C4387E /* Debug */ = {
			isa = XCBuildConfiguration;
			buildSettings = {
				ASSETCATALOG_COMPILER_APPICON_NAME = AppIcon;
				INFOPLIST_FILE = EzUIDynamicAnimator/Info.plist;
				LD_RUNPATH_SEARCH_PATHS = "$(inherited) @executable_path/Frameworks";
				PRODUCT_BUNDLE_IDENTIFIER = vn.techmaster.EzUIDynamicAnimator;
				PRODUCT_NAME = "$(TARGET_NAME)";
				SWIFT_VERSION = 3.0;
			};
			name = Debug;
		};
		1E423B101E442A5500C4387E /* Release */ = {
			isa = XCBuildConfiguration;
			buildSettings = {
				ASSETCATALOG_COMPILER_APPICON_NAME = AppIcon;
				INFOPLIST_FILE = EzUIDynamicAnimator/Info.plist;
				LD_RUNPATH_SEARCH_PATHS = "$(inherited) @executable_path/Frameworks";
				PRODUCT_BUNDLE_IDENTIFIER = vn.techmaster.EzUIDynamicAnimator;
				PRODUCT_NAME = "$(TARGET_NAME)";
				SWIFT_VERSION = 3.0;
			};
			name = Release;
		};
/* End XCBuildConfiguration section */

/* Begin XCConfigurationList section */
		1E423AF71E442A5500C4387E /* Build configuration list for PBXProject "EzUIDynamicAnimator" */ = {
			isa = XCConfigurationList;
			buildConfigurations = (
				1E423B0C1E442A5500C4387E /* Debug */,
				1E423B0D1E442A5500C4387E /* Release */,
			);
			defaultConfigurationIsVisible = 0;
			defaultConfigurationName = Release;
		};
		1E423B0E1E442A5500C4387E /* Build configuration list for PBXNativeTarget "EzUIDynamicAnimator" */ = {
			isa = XCConfigurationList;
			buildConfigurations = (
				1E423B0F1E442A5500C4387E /* Debug */,
				1E423B101E442A5500C4387E /* Release */,
			);
			defaultConfigurationIsVisible = 0;
		};
/* End XCConfigurationList section */
	};
	rootObject = 1E423AF41E442A5500C4387E /* Project object */;
}
